
Microsoft Visual Studio Solution File, Format Version 12.00
# Visual Studio Version 16
VisualStudioVersion = 16.0.30621.155
MinimumVisualStudioVersion = 10.0.40219.1
Project("{FAE04EC0-301F-11D3-BF4B-00C04F79EFBC}") = "SchnappsAndLiquor", "SchnappsAndLiquor\SchnappsAndLiquor.csproj", "{46EEBA70-F76D-468C-BD3B-526EA5ED351E}"
EndProject
Global
	GlobalSection(SolutionConfigurationPlatforms) = preSolution
		Debug|Any CPU = Debug|Any CPU
		Release|Any CPU = Release|Any CPU
	EndGlobalSection
	GlobalSection(ProjectConfigurationPlatforms) = postSolution
		{46EEBA70-F76D-468C-BD3B-526EA5ED351E}.Debug|Any CPU.ActiveCfg = Debug|Any CPU
		{46EEBA70-F76D-468C-BD3B-526EA5ED351E}.Debug|Any CPU.Build.0 = Debug|Any CPU
		{46EEBA70-F76D-468C-BD3B-526EA5ED351E}.Release|Any CPU.ActiveCfg = Release|Any CPU
		{46EEBA70-F76D-468C-BD3B-526EA5ED351E}.Release|Any CPU.Build.0 = Release|Any CPU
	EndGlobalSection
	GlobalSection(SolutionProperties) = preSolution
		HideSolutionNode = FALSE
	EndGlobalSection
	GlobalSection(ExtensibilityGlobals) = postSolution
		SolutionGuid = {CEB6BCE4-4ABB-4394-8172-52AC294DF160}
	EndGlobalSection
EndGlobal
